
Microsoft Visual Studio Solution File, Format Version 12.00
# Visual Studio 14
VisualStudioVersion = 14.0.25420.1
MinimumVisualStudioVersion = 10.0.40219.1
Project("{FAE04EC0-301F-11D3-BF4B-00C04F79EFBC}") = "XamarinAzureNotification", "XamarinAzureNotification\XamarinAzureNotification.csproj", "{C8C1F243-31DC-4039-9077-3C4D3543AA68}"
EndProject
Global
	GlobalSection(SolutionConfigurationPlatforms) = preSolution
		Debug|Any CPU = Debug|Any CPU
		Release|Any CPU = Release|Any CPU
	EndGlobalSection
	GlobalSection(ProjectConfigurationPlatforms) = postSolution
		{C8C1F243-31DC-4039-9077-3C4D3543AA68}.Debug|Any CPU.ActiveCfg = Debug|Any CPU
		{C8C1F243-31DC-4039-9077-3C4D3543AA68}.Debug|Any CPU.Build.0 = Debug|Any CPU
		{C8C1F243-31DC-4039-9077-3C4D3543AA68}.Debug|Any CPU.Deploy.0 = Debug|Any CPU
		{C8C1F243-31DC-4039-9077-3C4D3543AA68}.Release|Any CPU.ActiveCfg = Release|Any CPU
		{C8C1F243-31DC-4039-9077-3C4D3543AA68}.Release|Any CPU.Build.0 = Release|Any CPU
		{C8C1F243-31DC-4039-9077-3C4D3543AA68}.Release|Any CPU.Deploy.0 = Release|Any CPU
	EndGlobalSection
	GlobalSection(SolutionProperties) = preSolution
		HideSolutionNode = FALSE
	EndGlobalSection
EndGlobal
